lockfileVersion: '9.0'

settings:
  autoInstallPeers: true
  excludeLinksFromLockfile: false

importers:

  .:
    dependencies:
      esbuild:
        specifier: 0.27.5
        version: 0.27.5
      js-yaml:
        specifier: 4.1.1
        version: 4.1.1
      read-env:
        specifier: 2.0.0
        version: 2.0.0

packages:

  '@esbuild/aix-ppc64@0.27.5':
    resolution: {integrity: sha512-nGsF/4C7uzUj+Nj/4J+Zt0bYQ6bz33Phz8Lb2N80Mti1HjGclTJdXZ+9APC4kLvONbjxN1zfvYNd8FEcbBK/MQ==}
    engines: {node: '>=18'}
    cpu: [ppc64]
    os: [aix]

  '@esbuild/android-arm64@0.27.5':
    resolution: {integrity: sha512-Oeghq+XFgh1pUGd1YKs4DDoxzxkoUkvko+T/IVKwlghKLvvjbGFB3ek8VEDBmNvqhwuL0CQS3cExdzpmUyIrgA==}
    engines: {node: '>=18'}
    cpu: [arm64]
    os: [android]

  '@esbuild/android-arm@0.27.5':
    resolution: {integrity: sha512-Cv781jd0Rfj/paoNrul1/r4G0HLvuFKYh7C9uHZ2Pl8YXstzvCyyeWENTFR9qFnRzNMCjXmsulZuvosDg10Mog==}
    engines: {node: '>=18'}
    cpu: [arm]
    os: [android]

  '@esbuild/android-x64@0.27.5':
    resolution: {integrity: sha512-nQD7lspbzerlmtNOxYMFAGmhxgzn8Z7m9jgFkh6kpkjsAhZee1w8tJW3ZlW+N9iRePz0oPUDrYrXidCPSImD0Q==}
    engines: {node: '>=18'}
    cpu: [x64]
    os: [android]

  '@esbuild/darwin-arm64@0.27.5':
    resolution: {integrity: sha512-I+Ya/MgC6rr8oRWGRDF3BXDfP8K1BVUggHqN6VI2lUZLdDi1IM1v2cy0e3lCPbP+pVcK3Tv8cgUhHse1kaNZZw==}
    engines: {node: '>=18'}
    cpu: [arm64]
    os: [darwin]

  '@esbuild/darwin-x64@0.27.5':
    resolution: {integrity: sha512-MCjQUtC8wWJn/pIPM7vQaO69BFgwPD1jriEdqwTCKzWjGgkMbcg+M5HzrOhPhuYe1AJjXlHmD142KQf+jnYj8A==}
    engines: {node: '>=18'}
    cpu: [x64]
    os: [darwin]

  '@esbuild/freebsd-arm64@0.27.5':
    resolution: {integrity: sha512-X6xVS+goSH0UelYXnuf4GHLwpOdc8rgK/zai+dKzBMnncw7BTQIwquOodE7EKvY2UVUetSqyAfyZC1D+oqLQtg==}
    engines: {node: '>=18'}
    cpu: [arm64]
    os: [freebsd]

  '@esbuild/freebsd-x64@0.27.5':
    resolution: {integrity: sha512-233X1FGo3a8x1ekLB6XT69LfZ83vqz+9z3TSEQCTYfMNY880A97nr81KbPcAMl9rmOFp11wO0dP+eB18KU/Ucg==}
    engines: {node: '>=18'}
    cpu: [x64]
    os: [freebsd]

  '@esbuild/linux-arm64@0.27.5':
    resolution: {integrity: sha512-euKkilsNOv7x/M1NKsx5znyprbpsRFIzTV6lWziqJch7yWYayfLtZzDxDTl+LSQDJYAjd9TVb/Kt5UKIrj2e4A==}
    engines: {node: '>=18'}
    cpu: [arm64]
    os: [linux]

  '@esbuild/linux-arm@0.27.5':
    resolution: {integrity: sha512-0wkVrYHG4sdCCN/bcwQ7yYMXACkaHc3UFeaEOwSVW6e5RycMageYAFv+JS2bKLwHyeKVUvtoVH+5/RHq0fgeFw==}
    engines: {node: '>=18'}
    cpu: [arm]
    os: [linux]

  '@esbuild/linux-ia32@0.27.5':
    resolution: {integrity: sha512-hVRQX4+P3MS36NxOy24v/Cdsimy/5HYePw+tmPqnNN1fxV0bPrFWR6TMqwXPwoTM2VzbkA+4lbHWUKDd5ZDA/w==}
    engines: {node: '>=18'}
    cpu: [ia32]
    os: [linux]

  '@esbuild/linux-loong64@0.27.5':
    resolution: {integrity: sha512-mKqqRuOPALI8nDzhOBmIS0INvZOOFGGg5n1osGIXAx8oersceEbKd4t1ACNTHM3sJBXGFAlEgqM+svzjPot+ZQ==}
    engines: {node: '>=18'}
    cpu: [loong64]
    os: [linux]

  '@esbuild/linux-mips64el@0.27.5':
    resolution: {integrity: sha512-EE/QXH9IyaAj1qeuIV5+/GZkBTipgGO782Ff7Um3vPS9cvLhJJeATy4Ggxikz2inZ46KByamMn6GqtqyVjhenA==}
    engines: {node: '>=18'}
    cpu: [mips64el]
    os: [linux]

  '@esbuild/linux-ppc64@0.27.5':
    resolution: {integrity: sha512-0V2iF1RGxBf1b7/BjurA5jfkl7PtySjom1r6xOK2q9KWw/XCpAdtB6KNMO+9xx69yYfSCRR9FE0TyKfHA2eQMw==}
    engines: {node: '>=18'}
    cpu: [ppc64]
    os: [linux]

  '@esbuild/linux-riscv64@0.27.5':
    resolution: {integrity: sha512-rYxThBx6G9HN6tFNuvB/vykeLi4VDsm5hE5pVwzqbAjZEARQrWu3noZSfbEnPZ/CRXP3271GyFk/49up2W190g==}
    engines: {node: '>=18'}
    cpu: [riscv64]
    os: [linux]

  '@esbuild/linux-s390x@0.27.5':
    resolution: {integrity: sha512-uEP2q/4qgd8goEUc4QIdU/1P2NmEtZ/zX5u3OpLlCGhJIuBIv0s0wr7TB2nBrd3/A5XIdEkkS5ZLF0ULuvaaYQ==}
    engines: {node: '>=18'}
    cpu: [s390x]
    os: [linux]

  '@esbuild/linux-x64@0.27.5':
    resolution: {integrity: sha512-+Gq47Wqq6PLOOZuBzVSII2//9yyHNKZLuwfzCemqexqOQCSz0zy0O26kIzyp9EMNMK+nZ0tFHBZrCeVUuMs/ew==}
    engines: {node: '>=18'}
    cpu: [x64]
    os: [linux]

  '@esbuild/netbsd-arm64@0.27.5':
    resolution: {integrity: sha512-3F/5EG8VHfN/I+W5cO1/SV2H9Q/5r7vcHabMnBqhHK2lTWOh3F8vixNzo8lqxrlmBtZVFpW8pmITHnq54+Tq4g==}
    engines: {node: '>=18'}
    cpu: [arm64]
    os: [netbsd]

  '@esbuild/netbsd-x64@0.27.5':
    resolution: {integrity: sha512-28t+Sj3CPN8vkMOlZotOmDgilQwVvxWZl7b8rxpn73Tt/gCnvrHxQUMng4uu3itdFvrtba/1nHejvxqz8xgEMA==}
    engines: {node: '>=18'}
    cpu: [x64]
    os: [netbsd]

  '@esbuild/openbsd-arm64@0.27.5':
    resolution: {integrity: sha512-Doz/hKtiuVAi9hMsBMpwBANhIZc8l238U2Onko3t2xUp8xtM0ZKdDYHMnm/qPFVthY8KtxkXaocwmMh6VolzMA==}
    engines: {node: '>=18'}
    cpu: [arm64]
    os: [openbsd]

  '@esbuild/openbsd-x64@0.27.5':
    resolution: {integrity: sha512-WfGVaa1oz5A7+ZFPkERIbIhKT4olvGl1tyzTRaB5yoZRLqC0KwaO95FeZtOdQj/oKkjW57KcVF944m62/0GYtA==}
    engines: {node: '>=18'}
    cpu: [x64]
    os: [openbsd]

  '@esbuild/openharmony-arm64@0.27.5':
    resolution: {integrity: sha512-Xh+VRuh6OMh3uJ0JkCjI57l+DVe7VRGBYymen8rFPnTVgATBwA6nmToxM2OwTlSvrnWpPKkrQUj93+K9huYC6A==}
    engines: {node: '>=18'}
    cpu: [arm64]
    os: [openharmony]

  '@esbuild/sunos-x64@0.27.5':
    resolution: {integrity: sha512-aC1gpJkkaUADHuAdQfuVTnqVUTLqqUNhAvEwHwVWcnVVZvNlDPGA0UveZsfXJJ9T6k9Po4eHi3c02gbdwO3g6w==}
    engines: {node: '>=18'}
    cpu: [x64]
    os: [sunos]

  '@esbuild/win32-arm64@0.27.5':
    resolution: {integrity: sha512-0UNx2aavV0fk6UpZcwXFLztA2r/k9jTUa7OW7SAea1VYUhkug99MW1uZeXEnPn5+cHOd0n8myQay6TlFnBR07w==}
    engines: {node: '>=18'}
    cpu: [arm64]
    os: [win32]

  '@esbuild/win32-ia32@0.27.5':
    resolution: {integrity: sha512-5nlJ3AeJWCTSzR7AEqVjT/faWyqKU86kCi1lLmxVqmNR+j4HrYdns+eTGjS/vmrzCIe8inGQckUadvS0+JkKdQ==}
    engines: {node: '>=18'}
    cpu: [ia32]
    os: [win32]

  '@esbuild/win32-x64@0.27.5':
    resolution: {integrity: sha512-PWypQR+d4FLfkhBIV+/kHsUELAnMpx1bRvvsn3p+/sAERbnCzFrtDRG2Xw5n+2zPxBK2+iaP+vetsRl4Ti7WgA==}
    engines: {node: '>=18'}
    cpu: [x64]
    os: [win32]

  '@types/camelcase@5.2.0':
    resolution: {integrity: sha512-zhHaryYYUUsJ1h6Rq4hisPkljY7c2bkC5PFYQbom5fyKloGJEDK+wdsw2L4hnBwXr4plGjW6D/UVJBbNbOzVpQ==}
    deprecated: This is a stub types definition. camelcase provides its own type definitions, so you do not need this installed.

  argparse@2.0.1:
    resolution: {integrity: sha512-8+9WqebbFzpX9OR+Wa6O29asIogeRMzcGtAINdpMHHyAg10f05aSFVBbcEqGf/PXw1EjAZ+q2/bEBg3DvurK3Q==}

  camelcase@5.3.1:
    resolution: {integrity: sha512-L28STB170nwWS63UjtlEOE3dldQApaJXZkOI1uMFfzf3rRuPegHaHesyee+YxQ+W6SvRDQV6UrdOdRiR153wJg==}
    engines: {node: '>=6'}

  esbuild@0.27.5:
    resolution: {integrity: sha512-zdQoHBjuDqKsvV5OPaWansOwfSQ0Js+Uj9J85TBvj3bFW1JjWTSULMRwdQAc8qMeIScbClxeMK0jlrtB9linhA==}
    engines: {node: '>=18'}
    hasBin: true

  js-yaml@4.1.1:
    resolution: {integrity: sha512-qQKT4zQxXl8lLwBtHMWwaTcGfFOZviOJet3Oy/xmGk2gZH677CJM9EvtfdSkgWcATZhj/55JZ0rmy3myCT5lsA==}
    hasBin: true

  read-env@2.0.0:
    resolution: {integrity: sha512-gCuo85JH2aWt23HVeFzUUhpLzCRtc9O0jjvpMDG/3vue2aOp7/XllAQjSyL8xGqBifGNYbnWLE0PAqi4AWMBlA==}

snapshots:

  '@esbuild/aix-ppc64@0.27.5':
    optional: true

  '@esbuild/android-arm64@0.27.5':
    optional: true

  '@esbuild/android-arm@0.27.5':
    optional: true

  '@esbuild/android-x64@0.27.5':
    optional: true

  '@esbuild/darwin-arm64@0.27.5':
    optional: true

  '@esbuild/darwin-x64@0.27.5':
    optional: true

  '@esbuild/freebsd-arm64@0.27.5':
    optional: true

  '@esbuild/freebsd-x64@0.27.5':
    optional: true

  '@esbuild/linux-arm64@0.27.5':
    optional: true

  '@esbuild/linux-arm@0.27.5':
    optional: true

  '@esbuild/linux-ia32@0.27.5':
    optional: true

  '@esbuild/linux-loong64@0.27.5':
    optional: true

  '@esbuild/linux-mips64el@0.27.5':
    optional: true

  '@esbuild/linux-ppc64@0.27.5':
    optional: true

  '@esbuild/linux-riscv64@0.27.5':
    optional: true

  '@esbuild/linux-s390x@0.27.5':
    optional: true

  '@esbuild/linux-x64@0.27.5':
    optional: true

  '@esbuild/netbsd-arm64@0.27.5':
    optional: true

  '@esbuild/netbsd-x64@0.27.5':
    optional: true

  '@esbuild/openbsd-arm64@0.27.5':
    optional: true

  '@esbuild/openbsd-x64@0.27.5':
    optional: true

  '@esbuild/openharmony-arm64@0.27.5':
    optional: true

  '@esbuild/sunos-x64@0.27.5':
    optional: true

  '@esbuild/win32-arm64@0.27.5':
    optional: true

  '@esbuild/win32-ia32@0.27.5':
    optional: true

  '@esbuild/win32-x64@0.27.5':
    optional: true

  '@types/camelcase@5.2.0':
    dependencies:
      camelcase: 5.3.1

  argparse@2.0.1: {}

  camelcase@5.3.1: {}

  esbuild@0.27.5:
    optionalDependencies:
      '@esbuild/aix-ppc64': 0.27.5
      '@esbuild/android-arm': 0.27.5
      '@esbuild/android-arm64': 0.27.5
      '@esbuild/android-x64': 0.27.5
      '@esbuild/darwin-arm64': 0.27.5
      '@esbuild/darwin-x64': 0.27.5
      '@esbuild/freebsd-arm64': 0.27.5
      '@esbuild/freebsd-x64': 0.27.5
      '@esbuild/linux-arm': 0.27.5
      '@esbuild/linux-arm64': 0.27.5
      '@esbuild/linux-ia32': 0.27.5
      '@esbuild/linux-loong64': 0.27.5
      '@esbuild/linux-mips64el': 0.27.5
      '@esbuild/linux-ppc64': 0.27.5
      '@esbuild/linux-riscv64': 0.27.5
      '@esbuild/linux-s390x': 0.27.5
      '@esbuild/linux-x64': 0.27.5
      '@esbuild/netbsd-arm64': 0.27.5
      '@esbuild/netbsd-x64': 0.27.5
      '@esbuild/openbsd-arm64': 0.27.5
      '@esbuild/openbsd-x64': 0.27.5
      '@esbuild/openharmony-arm64': 0.27.5
      '@esbuild/sunos-x64': 0.27.5
      '@esbuild/win32-arm64': 0.27.5
      '@esbuild/win32-ia32': 0.27.5
      '@esbuild/win32-x64': 0.27.5

  js-yaml@4.1.1:
    dependencies:
      argparse: 2.0.1

  read-env@2.0.0:
    dependencies:
      '@types/camelcase': 5.2.0
      camelcase: 5.3.1
